
Microsoft Visual Studio Solution File, Format Version 12.00
# Visual Studio 15
VisualStudioVersion = 15.0.27130.2003
MinimumVisualStudioVersion = 10.0.40219.1
Project("{FAE04EC0-301F-11D3-BF4B-00C04F79EFBC}") = "ConsoleApp", "ConsoleApp\ConsoleApp.csproj", "{8BF0C965-FA70-4FB9-BA7F-D2CD16A3E924}"
EndProject
Project("{FAE04EC0-301F-11D3-BF4B-00C04F79EFBC}") = "DataAccess", "DataAccess\DataAccess.csproj", "{BD26CF6E-C2C7-4617-976A-FBE093DDA5FD}"
EndProject
Project("{FAE04EC0-301F-11D3-BF4B-00C04F79EFBC}") = "Ops", "Ops\Ops.csproj", "{ED30F7E0-0240-4772-9065-F550D2D5A89E}"
EndProject
Global
	GlobalSection(SolutionConfigurationPlatforms) = preSolution
		Debug|Any CPU = Debug|Any CPU
		Release|Any CPU = Release|Any CPU
	EndGlobalSection
	GlobalSection(ProjectConfigurationPlatforms) = postSolution
		{8BF0C965-FA70-4FB9-BA7F-D2CD16A3E924}.Debug|Any CPU.ActiveCfg = Debug|Any CPU
		{8BF0C965-FA70-4FB9-BA7F-D2CD16A3E924}.Debug|Any CPU.Build.0 = Debug|Any CPU
		{8BF0C965-FA70-4FB9-BA7F-D2CD16A3E924}.Release|Any CPU.ActiveCfg = Release|Any CPU
		{8BF0C965-FA70-4FB9-BA7F-D2CD16A3E924}.Release|Any CPU.Build.0 = Release|Any CPU
		{BD26CF6E-C2C7-4617-976A-FBE093DDA5FD}.Debug|Any CPU.ActiveCfg = Debug|Any CPU
		{BD26CF6E-C2C7-4617-976A-FBE093DDA5FD}.Debug|Any CPU.Build.0 = Debug|Any CPU
		{BD26CF6E-C2C7-4617-976A-FBE093DDA5FD}.Release|Any CPU.ActiveCfg = Release|Any CPU
		{BD26CF6E-C2C7-4617-976A-FBE093DDA5FD}.Release|Any CPU.Build.0 = Release|Any CPU
		{ED30F7E0-0240-4772-9065-F550D2D5A89E}.Debug|Any CPU.ActiveCfg = Debug|Any CPU
		{ED30F7E0-0240-4772-9065-F550D2D5A89E}.Debug|Any CPU.Build.0 = Debug|Any CPU
		{ED30F7E0-0240-4772-9065-F550D2D5A89E}.Release|Any CPU.ActiveCfg = Release|Any CPU
		{ED30F7E0-0240-4772-9065-F550D2D5A89E}.Release|Any CPU.Build.0 = Release|Any CPU
	EndGlobalSection
	GlobalSection(SolutionProperties) = preSolution
		HideSolutionNode = FALSE
	EndGlobalSection
	GlobalSection(ExtensibilityGlobals) = postSolution
		SolutionGuid = {4ADE394F-A078-4950-BD2B-50A50A6E3954}
	EndGlobalSection
EndGlobal
